# THIS IS AN AUTOGENERATED FILE. DO NOT EDIT THIS FILE DIRECTLY.
# yarn lockfile v1


"@types/history@*":
  version "4.6.0"
  resolved "https://registry.yarnpkg.com/@types/history/-/history-4.6.0.tgz#093d67ed780d889c9543f6dca24ebee0b6b9fc45"

"@types/react-router@^4.0.15":
  version "4.0.15"
  resolved "https://registry.yarnpkg.com/@types/react-router/-/react-router-4.0.15.tgz#be8aaefc20afd968a5dbcffcf09060e6c2e8746e"
  dependencies:
    "@types/history" "*"
    "@types/react" "*"

"@types/react@*":
  version "16.0.5"
  resolved "https://registry.yarnpkg.com/@types/react/-/react-16.0.5.tgz#d713cf67cc211dea20463d2a0b66005c22070c4b"

"@types/react@^15.0.0":
  version "15.6.2"
  resolved "https://registry.yarnpkg.com/@types/react/-/react-15.6.2.tgz#2c8495aa853cb37591d0046e9afe544fb837c612"
